// !$*UTF8*$!
{
	archiveVersion = 1;
	classes = {
	};
	objectVersion = 50;
	objects = {

/* Begin PBXBuildFile section */
		F61C9CC9244FD8C8002850FE /* AppDelegate.swift in Sources */ = {isa = PBXBuildFile; fileRef = F61C9CC8244FD8C8002850FE /* AppDelegate.swift */; };
		F61C9CCB244FD8C8002850FE /* ViewController.swift in Sources */ = {isa = PBXBuildFile; fileRef = F61C9CCA244FD8C8002850FE /* ViewController.swift */; };
		F61C9CCE244FD8C8002850FE /* Main.storyboard in Resources */ = {isa = PBXBuildFile; fileRef = F61C9CCC244FD8C8002850FE /* Main.storyboard */; };
		F61C9CD0244FD8CA002850FE /* Assets.xcassets in Resources */ = {isa = PBXBuildFile; fileRef = F61C9CCF244FD8CA002850FE /* Assets.xcassets */; };
		F61C9CD3244FD8CA002850FE /* LaunchScreen.storyboard in Resources */ = {isa = PBXBuildFile; fileRef = F61C9CD1244FD8CA002850FE /* LaunchScreen.storyboard */; };
/* End PBXBuildFile section */

/* Begin PBXFileReference section */
		F61C9CC5244FD8C8002850FE /* MLBPlayerSearch.app */ = {isa = PBXFileReference; explicitFileType = wrapper.application; includeInIndex = 0; path = MLBPlayerSearch.app; sourceTree = BUILT_PRODUCTS_DIR; };
		F61C9CC8244FD8C8002850FE /* AppDelegate.swift */ = {isa = PBXFileReference; lastKnownFileType = sourcecode.swift; path = AppDelegate.swift; sourceTree = "<group>"; };
		F61C9CCA244FD8C8002850FE /* ViewController.swift */ = {isa = PBXFileReference; lastKnownFileType = sourcecode.swift; path = ViewController.swift; sourceTree = "<group>"; };
		F61C9CCD244FD8C8002850FE /* Base */ = {isa = PBXFileReference; lastKnownFileType = file.storyboard; name = Base; path = Base.lproj/Main.storyboard; sourceTree = "<group>"; };
		F61C9CCF244FD8CA002850FE /* Assets.xcassets */ = {isa = PBXFileReference; lastKnownFileType = folder.assetcatalog; path = Assets.xcassets; sourceTree = "<group>"; };
		F61C9CD2244FD8CA002850FE /* Base */ = {isa = PBXFileReference; lastKnownFileType = file.storyboard; name = Base; path = Base.lproj/LaunchScreen.storyboard; sourceTree = "<group>"; };
		F61C9CD4244FD8CA002850FE /* Info.plist */ = {isa = PBXFileReference; lastKnownFileType = text.plist.xml; path = Info.plist; sourceTree = "<group>"; };
/* End PBXFileReference section */

/* Begin PBXFrameworksBuildPhase section */
		F61C9CC2244FD8C8002850FE /* Frameworks */ = {
			isa = PBXFrameworksBuildPhase;
			buildActionMask = 2147483647;
			files = (
			);
			runOnlyForDeploymentPostprocessing = 0;
		};
/* End PBXFrameworksBuildPhase section */

/* Begin PBXGroup section */
		F61C9CBC244FD8C8002850FE = {
			isa = PBXGroup;
			children = (
				F61C9CC7244FD8C8002850FE /* MLBPlayerSearch */,
				F61C9CC6244FD8C8002850FE /* Products */,
			);
			sourceTree = "<group>";
		};
		F61C9CC6244FD8C8002850FE /* Products */ = {
			isa = PBXGroup;
			children = (
				F61C9CC5244FD8C8002850FE /* MLBPlayerSearch.app */,
			);
			name = Products;
			sourceTree = "<group>";
		};
		F61C9CC7244FD8C8002850FE /* MLBPlayerSearch */ = {
			isa = PBXGroup;
			children = (
				F61C9CC8244FD8C8002850FE /* AppDelegate.swift */,
				F61C9CCA244FD8C8002850FE /* ViewController.swift */,
				F61C9CCC244FD8C8002850FE /* Main.storyboard */,
				F61C9CCF244FD8CA002850FE /* Assets.xcassets */,
				F61C9CD1244FD8CA002850FE /* LaunchScreen.storyboard */,
				F61C9CD4244FD8CA002850FE /* Info.plist */,
			);
			path = MLBPlayerSearch;
			sourceTree = "<group>";
		};
/* End PBXGroup section */

/* Begin PBXNativeTarget section */
		F61C9CC4244FD8C8002850FE /* MLBPlayerSearch */ = {
			isa = PBXNativeTarget;
			buildConfigurationList = F61C9CD7244FD8CA002850FE /* Build configuration list for PBXNativeTarget "MLBPlayerSearch" */;
			buildPhases = (
				F61C9CC1244FD8C8002850FE /* Sources */,
				F61C9CC2244FD8C8002850FE /* Frameworks */,
				F61C9CC3244FD8C8002850FE /* Resources */,
			);
			buildRules = (
			);
			dependencies = (
			);
			name = MLBPlayerSearch;
			productName = MLBPlayerSearch;
			productReference = F61C9CC5244FD8C8002850FE /* MLBPlayerSearch.app */;
			productType = "com.apple.product-type.application";
		};
/* End PBXNativeTarget section */

/* Begin PBXProject section */
		F61C9CBD244FD8C8002850FE /* Project object */ = {
			isa = PBXProject;
			attributes = {
				LastSwiftUpdateCheck = 1010;
				LastUpgradeCheck = 1010;
				ORGANIZATIONNAME = KK;
				TargetAttributes = {
					F61C9CC4244FD8C8002850FE = {
						CreatedOnToolsVersion = 10.1;
					};
				};
			};
			buildConfigurationList = F61C9CC0244FD8C8002850FE /* Build configuration list for PBXProject "MLBPlayerSearch" */;
			compatibilityVersion = "Xcode 9.3";
			developmentRegion = en;
			hasScannedForEncodings = 0;
			knownRegions = (
				en,
				Base,
			);
			mainGroup = F61C9CBC244FD8C8002850FE;
			productRefGroup = F61C9CC6244FD8C8002850FE /* Products */;
			projectDirPath = "";
			projectRoot = "";
			targets = (
				F61C9CC4244FD8C8002850FE /* MLBPlayerSearch */,
			);
		};
/* End PBXProject section */

/* Begin PBXResourcesBuildPhase section */
		F61C9CC3244FD8C8002850FE /* Resources */ = {
			isa = PBXResourcesBuildPhase;
			buildActionMask = 2147483647;
			files = (
				F61C9CD3244FD8CA002850FE /* LaunchScreen.storyboard in Resources */,
				F61C9CD0244FD8CA002850FE /* Assets.xcassets in Resources */,
				F61C9CCE244FD8C8002850FE /* Main.storyboard in Resources */,
			);
			runOnlyForDeploymentPostprocessing = 0;
		};
/* End PBXResourcesBuildPhase section */

/* Begin PBXSourcesBuildPhase section */
		F61C9CC1244FD8C8002850FE /* Sources */ = {
			isa = PBXSourcesBuildPhase;
			buildActionMask = 2147483647;
			files = (
				F61C9CCB244FD8C8002850FE /* ViewController.swift in Sources */,
				F61C9CC9244FD8C8002850FE /* AppDelegate.swift in Sources */,
			);
			runOnlyForDeploymentPostprocessing = 0;
		};
/* End PBXSourcesBuildPhase section */

/* Begin PBXVariantGroup section */
		F61C9CCC244FD8C8002850FE /* Main.storyboard */ = {
			isa = PBXVariantGroup;
			children = (
				F61C9CCD244FD8C8002850FE /* Base */,
			);
			name = Main.storyboard;
			sourceTree = "<group>";
		};
		F61C9CD1244FD8CA002850FE /* LaunchScreen.storyboard */ = {
			isa = PBXVariantGroup;
			children = (
				F61C9CD2244FD8CA002850FE /* Base */,
			);
			name = LaunchScreen.storyboard;
			sourceTree = "<group>";
		};
/* End PBXVariantGroup section */

/* Begin XCBuildConfiguration section */
		F61C9CD5244FD8CA002850FE /* Debug */ = {
			isa = XCBuildConfiguration;
			buildSettings = {
				ALWAYS_SEARCH_USER_PATHS = NO;
				CLANG_ANALYZER_NONNULL = YES;
				CLANG_ANALYZER_NUMBER_OBJECT_CONVERSION = YES_AGGRESSIVE;
				CLANG_CXX_LANGUAGE_STANDARD = "gnu++14";
				CLANG_CXX_LIBRARY = "libc++";
				CLANG_ENABLE_MODULES = YES;
				CLANG_ENABLE_OBJC_ARC = YES;
				CLANG_ENABLE_OBJC_WEAK = YES;
				CLANG_WARN_BLOCK_CAPTURE_AUTORELEASING = YES;
				CLANG_WARN_BOOL_CONVERSION = YES;
				CLANG_WARN_COMMA = YES;
				CLANG_WARN_CONSTANT_CONVERSION = YES;
				CLANG_WARN_DEPRECATED_OBJC_IMPLEMENTATIONS = YES;
				CLANG_WARN_DIRECT_OBJC_ISA_USAGE = YES_ERROR;
				CLANG_WARN_DOCUMENTATION_COMMENTS = YES;
				CLANG_WARN_EMPTY_BODY = YES;
				CLANG_WARN_ENUM_CONVERSION = YES;
				CLANG_WARN_INFINITE_RECURSION = YES;
				CLANG_WARN_INT_CONVERSION = YES;
				CLANG_WARN_NON_LITERAL_NULL_CONVERSION = YES;
				CLANG_WARN_OBJC_IMPLICIT_RETAIN_SELF = YES;
				CLANG_WARN_OBJC_LITERAL_CONVERSION = YES;
				CLANG_WARN_OBJC_ROOT_CLASS = YES_ERROR;
				CLANG_WARN_RANGE_LOOP_ANALYSIS = YES;
				CLANG_WARN_STRICT_PROTOTYPES = YES;
				CLANG_WARN_SUSPICIOUS_MOVE = YES;
				CLANG_WARN_UNGUARDED_AVAILABILITY = YES_AGGRESSIVE;
				CLANG_WARN_UNREACHABLE_CODE = YES;
				CLANG_WARN__DUPLICATE_METHOD_MATCH = YES;
				CODE_SIGN_IDENTITY = "iPhone Developer";
				COPY_PHASE_STRIP = NO;
				DEBUG_INFORMATION_FORMAT = dwarf;
				ENABLE_STRICT_OBJC_MSGSEND = YES;
				ENABLE_TESTABILITY = YES;
				GCC_C_LANGUAGE_STANDARD = gnu11;
				GCC_DYNAMIC_NO_PIC = NO;
				GCC_NO_COMMON_BLOCKS = YES;
				GCC_OPTIMIZATION_LEVEL = 0;
				GCC_PREPROCESSOR_DEFINITIONS = (
					"DEBUG=1",
					"$(inherited)",
				);
				GCC_WARN_64_TO_32_BIT_CONVERSION = YES;
				GCC_WARN_ABOUT_RETURN_TYPE = YES_ERROR;
				GCC_WARN_UNDECLARED_SELECTOR = YES;
				GCC_WARN_UNINITIALIZED_AUTOS = YES_AGGRESSIVE;
				GCC_WARN_UNUSED_FUNCTION = YES;
				GCC_WARN_UNUSED_VARIABLE = YES;
				IPHONEOS_DEPLOYMENT_TARGET = 12.1;
				MTL_ENABLE_DEBUG_INFO = INCLUDE_SOURCE;
				MTL_FAST_MATH = YES;
				ONLY_ACTIVE_ARCH = YES;
				SDKROOT = iphoneos;
				SWIFT_ACTIVE_COMPILATION_CONDITIONS = DEBUG;
				SWIFT_OPTIMIZATION_LEVEL = "-Onone";
			};
			name = Debug;
		};
		F61C9CD6244FD8CA002850FE /* Release */ = {
			isa = XCBuildConfiguration;
			buildSettings = {
				ALWAYS_SEARCH_USER_PATHS = NO;
				CLANG_ANALYZER_NONNULL = YES;
				CLANG_ANALYZER_NUMBER_OBJECT_CONVERSION = YES_AGGRESSIVE;
				CLANG_CXX_LANGUAGE_STANDARD = "gnu++14";
				CLANG_CXX_LIBRARY = "libc++";
				CLANG_ENABLE_MODULES = YES;
				CLANG_ENABLE_OBJC_ARC = YES;
				CLANG_ENABLE_OBJC_WEAK = YES;
				CLANG_WARN_BLOCK_CAPTURE_AUTORELEASING = YES;
				CLANG_WARN_BOOL_CONVERSION = YES;
				CLANG_WARN_COMMA = YES;
				CLANG_WARN_CONSTANT_CONVERSION = YES;
				CLANG_WARN_DEPRECATED_OBJC_IMPLEMENTATIONS = YES;
				CLANG_WARN_DIRECT_OBJC_ISA_USAGE = YES_ERROR;
				CLANG_WARN_DOCUMENTATION_COMMENTS = YES;
				CLANG_WARN_EMPTY_BODY = YES;
				CLANG_WARN_ENUM_CONVERSION = YES;
				CLANG_WARN_INFINITE_RECURSION = YES;
				CLANG_WARN_INT_CONVERSION = YES;
				CLANG_WARN_NON_LITERAL_NULL_CONVERSION = YES;
				CLANG_WARN_OBJC_IMPLICIT_RETAIN_SELF = YES;
				CLANG_WARN_OBJC_LITERAL_CONVERSION = YES;
				CLANG_WARN_OBJC_ROOT_CLASS = YES_ERROR;
				CLANG_WARN_RANGE_LOOP_ANALYSIS = YES;
				CLANG_WARN_STRICT_PROTOTYPES = YES;
				CLANG_WARN_SUSPICIOUS_MOVE = YES;
				CLANG_WARN_UNGUARDED_AVAILABILITY = YES_AGGRESSIVE;
				CLANG_WARN_UNREACHABLE_CODE = YES;
				CLANG_WARN__DUPLICATE_METHOD_MATCH = YES;
				CODE_SIGN_IDENTITY = "iPhone Developer";
				COPY_PHASE_STRIP = NO;
				DEBUG_INFORMATION_FORMAT = "dwarf-with-dsym";
				ENABLE_NS_ASSERTIONS = NO;
				ENABLE_STRICT_OBJC_MSGSEND = YES;
				GCC_C_LANGUAGE_STANDARD = gnu11;
				GCC_NO_COMMON_BLOCKS = YES;
				GCC_WARN_64_TO_32_BIT_CONVERSION = YES;
				GCC_WARN_ABOUT_RETURN_TYPE = YES_ERROR;
				GCC_WARN_UNDECLARED_SELECTOR = YES;
				GCC_WARN_UNINITIALIZED_AUTOS = YES_AGGRESSIVE;
				GCC_WARN_UNUSED_FUNCTION = YES;
				GCC_WARN_UNUSED_VARIABLE = YES;
				IPHONEOS_DEPLOYMENT_TARGET = 12.1;
				MTL_ENABLE_DEBUG_INFO = NO;
				MTL_FAST_MATH = YES;
				SDKROOT = iphoneos;
				SWIFT_COMPILATION_MODE = wholemodule;
				SWIFT_OPTIMIZATION_LEVEL = "-O";
				VALIDATE_PRODUCT = YES;
			};
			name = Release;
		};
		F61C9CD8244FD8CA002850FE /* Debug */ = {
			isa = XCBuildConfiguration;
			buildSettings = {
				ASSETCATALOG_COMPILER_APPICON_NAME = AppIcon;
				CODE_SIGN_STYLE = Automatic;
				DEVELOPMENT_TEAM = 6X9SZBW7S9;
				INFOPLIST_FILE = MLBPlayerSearch/Info.plist;
				LD_RUNPATH_SEARCH_PATHS = (
					"$(inherited)",
					"@executable_path/Frameworks",
				);
				PRODUCT_BUNDLE_IDENTIFIER = com.example.MLBPlayerSearch;
				PRODUCT_NAME = "$(TARGET_NAME)";
				SWIFT_VERSION = 4.2;
				TARGETED_DEVICE_FAMILY = "1,2";
			};
			name = Debug;
		};
		F61C9CD9244FD8CA002850FE /* Release */ = {
			isa = XCBuildConfiguration;
			buildSettings = {
				ASSETCATALOG_COMPILER_APPICON_NAME = AppIcon;
				CODE_SIGN_STYLE = Automatic;
				DEVELOPMENT_TEAM = 6X9SZBW7S9;
				INFOPLIST_FILE = MLBPlayerSearch/Info.plist;
				LD_RUNPATH_SEARCH_PATHS = (
					"$(inherited)",
					"@executable_path/Frameworks",
				);
				PRODUCT_BUNDLE_IDENTIFIER = com.example.MLBPlayerSearch;
				PRODUCT_NAME = "$(TARGET_NAME)";
				SWIFT_VERSION = 4.2;
				TARGETED_DEVICE_FAMILY = "1,2";
			};
			name = Release;
		};
/* End XCBuildConfiguration section */

/* Begin XCConfigurationList section */
		F61C9CC0244FD8C8002850FE /* Build configuration list for PBXProject "MLBPlayerSearch" */ = {
			isa = XCConfigurationList;
			buildConfigurations = (
				F61C9CD5244FD8CA002850FE /* Debug */,
				F61C9CD6244FD8CA002850FE /* Release */,
			);
			defaultConfigurationIsVisible = 0;
			defaultConfigurationName = Release;
		};
		F61C9CD7244FD8CA002850FE /* Build configuration list for PBXNativeTarget "MLBPlayerSearch" */ = {
			isa = XCConfigurationList;
			buildConfigurations = (
				F61C9CD8244FD8CA002850FE /* Debug */,
				F61C9CD9244FD8CA002850FE /* Release */,
			);
			defaultConfigurationIsVisible = 0;
			defaultConfigurationName = Release;
		};
/* End XCConfigurationList section */
	};
	rootObject = F61C9CBD244FD8C8002850FE /* Project object */;
}
